
Microsoft Visual Studio Solution File, Format Version 12.00
# Visual Studio 2015
Project("{FAE04EC0-301F-11D3-BF4B-00C04F79EFBC}") = "Pixel Game.CSharp", "Pixel Game.CSharp.csproj", "{57495409-649C-C016-8905-A4846CA8AB54}"
EndProject
Project("{FAE04EC0-301F-11D3-BF4B-00C04F79EFBC}") = "Pixel Game.CSharp.Editor", "Pixel Game.CSharp.Editor.csproj", "{E7F3C2EC-68CA-0A53-E0ED-78B507D756CF}"
EndProject
Global
	GlobalSection(SolutionConfigurationPlatforms) = preSolution
		Debug|Any CPU = Debug|Any CPU
		Release|Any CPU = Release|Any CPU
	EndGlobalSection
	GlobalSection(ProjectConfigurationPlatforms) = postSolution
		{57495409-649C-C016-8905-A4846CA8AB54}.Debug|Any CPU.ActiveCfg = Debug|Any CPU
		{57495409-649C-C016-8905-A4846CA8AB54}.Debug|Any CPU.Build.0 = Debug|Any CPU
		{57495409-649C-C016-8905-A4846CA8AB54}.Release|Any CPU.ActiveCfg = Release|Any CPU
		{57495409-649C-C016-8905-A4846CA8AB54}.Release|Any CPU.Build.0 = Release|Any CPU
		{E7F3C2EC-68CA-0A53-E0ED-78B507D756CF}.Debug|Any CPU.ActiveCfg = Debug|Any CPU
		{E7F3C2EC-68CA-0A53-E0ED-78B507D756CF}.Debug|Any CPU.Build.0 = Debug|Any CPU
		{E7F3C2EC-68CA-0A53-E0ED-78B507D756CF}.Release|Any CPU.ActiveCfg = Release|Any CPU
		{E7F3C2EC-68CA-0A53-E0ED-78B507D756CF}.Release|Any CPU.Build.0 = Release|Any CPU
	EndGlobalSection
	GlobalSection(SolutionProperties) = preSolution
		HideSolutionNode = FALSE
	EndGlobalSection
EndGlobal
